
Microsoft Visual Studio Solution File, Format Version 12.00
# Visual Studio Version 17
VisualStudioVersion = 17.10.35122.118
MinimumVisualStudioVersion = 10.0.40219.1
Project("{FAE04EC0-301F-11D3-BF4B-00C04F79EFBC}") = "Calculadora", "Calculadora.csproj", "{B987F50F-1DF2-477F-950A-DB7A2E331386}"
EndProject
Global
	GlobalSection(SolutionConfigurationPlatforms) = preSolution
		Debug|Any CPU = Debug|Any CPU
		Release|Any CPU = Release|Any CPU
	EndGlobalSection
	GlobalSection(ProjectConfigurationPlatforms) = postSolution
		{B987F50F-1DF2-477F-950A-DB7A2E331386}.Debug|Any CPU.ActiveCfg = Debug|Any CPU
		{B987F50F-1DF2-477F-950A-DB7A2E331386}.Debug|Any CPU.Build.0 = Debug|Any CPU
		{B987F50F-1DF2-477F-950A-DB7A2E331386}.Release|Any CPU.ActiveCfg = Release|Any CPU
		{B987F50F-1DF2-477F-950A-DB7A2E331386}.Release|Any CPU.Build.0 = Release|Any CPU
	EndGlobalSection
	GlobalSection(SolutionProperties) = preSolution
		HideSolutionNode = FALSE
	EndGlobalSection
	GlobalSection(ExtensibilityGlobals) = postSolution
		SolutionGuid = {64616D43-B796-4D88-AAC6-E529473C1C44}
	EndGlobalSection
EndGlobal
